{
  "name": "bf",
  "lockfileVersion": 3,
  "requires": true,
  "packages": {
    "": {
      "devDependencies": {
        "chromatic": "^16.10.1"
      }
    },
    "node_modules/chromatic": {
      "version": "16.10.1",
      "resolved": "https://registry.npmjs.org/chromatic/-/chromatic-16.10.1.tgz",
      "integrity": "sha512-u3RusLCCJxN8IZV3qLh6RTpo6Mu5A77bpOTAGJL5A+v2to9fsVKcK3j0GvGjPQeJJPNSI8rAI5c4U9ukbGiZJQ==",
      "dev": true,
      "dependencies": {
        "semver": "^7.3.5"
      },
      "bin": {
        "chroma": "dist/bin.cjs",
        "chromatic": "dist/bin.cjs",
        "chromatic-cli": "dist/bin.cjs"
      },
      "peerDependencies": {
        "@chromatic-com/cypress": "^0.*.* || ^1.0.0",
        "@chromatic-com/playwright": "^0.*.* || ^1.0.0",
        "@chromatic-com/vitest": "^0.*.* || ^1.0.0"
      },
      "peerDependenciesMeta": {
        "@chromatic-com/cypress": {
          "optional": true
        },
        "@chromatic-com/playwright": {
          "optional": true
        },
        "@chromatic-com/vitest": {
          "optional": true
        }
      }
    },
    "node_modules/semver": {
      "version": "7.8.0",
      "resolved": "https://registry.npmjs.org/semver/-/semver-7.8.0.tgz",
      "integrity": "sha512-AcM7dV/5ul4EekoQ29Agm5vri8JNqRyj39o0qpX6vDF2GZrtutZl5RwgD1XnZjiTAfncsJhMI48QQH3sN87YNA==",
      "dev": true,
      "bin": {
        "semver": "bin/semver.js"
      },
      "engines": {
        "node": ">=10"
      }
    }
  }
}
